{
  "name": "clock",
  "version": "1.0.0",
  "lockfileVersion": 1,
  "requires": true,
  "dependencies": {
    "country-emoji": {
      "version": "1.5.3",
      "resolved": "https://registry.npmjs.org/country-emoji/-/country-emoji-1.5.3.tgz",
      "integrity": "sha512-eAs/e58scPZIGke80CbuUDfr3OG+oWJbK7cmdSPZAITOeEmf4dSqtKmtowN9xRkwt7Ejp83jqwJIpXo3ThII8Q=="
    }
  }
}
